lockfileVersion: '6.0'

settings:
  autoInstallPeers: true
  excludeLinksFromLockfile: false

dependencies:
  '@vercel/kv':
    specifier: ^2.0.0
    version: 2.0.0

packages:

  /@upstash/redis@1.31.6:
    resolution: {integrity: sha512-7sDQQqvVnnV+2PUVGjocITa34CULGLoWhmfSY/LtpxNYv24EsgOk9VXhmGXIyzJBcXxB614wOF6ccEN0Lr7fqQ==}
    dependencies:
      crypto-js: 4.2.0
    dev: false

  /@vercel/kv@2.0.0:
    resolution: {integrity: sha512-zdVrhbzZBYo5d1Hfn4bKtqCeKf0FuzW8rSHauzQVMUgv1+1JOwof2mWcBuI+YMJy8s0G0oqAUfQ7HgUDzb8EbA==}
    engines: {node: '>=14.6'}
    dependencies:
      '@upstash/redis': 1.31.6
    dev: false

  /crypto-js@4.2.0:
    resolution: {integrity: sha512-KALDyEYgpY+Rlob/iriUtjV6d5Eq+Y191A5g4UqLAi8CyGP9N1+FdVbkc1SxKc2r4YAYqG8JzO2KGL+AizD70Q==}
    dev: false
